
Microsoft Visual Studio Solution File, Format Version 12.00
# Visual Studio 2012
Project("{FAE04EC0-301F-11D3-BF4B-00C04F79EFBC}") = "GroundControl", "QuadControl\GroundControl.csproj", "{2366D603-31BC-473C-B30F-57DD9D24B436}"
EndProject
Project("{FAE04EC0-301F-11D3-BF4B-00C04F79EFBC}") = "QuadControlTests", "QuadControlTests\QuadControlTests.csproj", "{E46889A0-B3A8-4CD2-8CE8-814D978664F1}"
EndProject
Project("{2150E333-8FDC-42A3-9474-1A3956D46DE8}") = ".nuget", ".nuget", "{17C66E75-42D9-46F6-B57F-6474823D1E31}"
	ProjectSection(SolutionItems) = preProject
		.nuget\packages.config = .nuget\packages.config
	EndProjectSection
EndProject
Project("{8BC9CEB8-8B4A-11D0-8D11-00A0C91BC942}") = "FlightControl", "FlightControl\FlightControl.vcxproj", "{4F9028E3-38C7-45D4-BE94-19148227A458}"
EndProject
Global
	GlobalSection(SolutionConfigurationPlatforms) = preSolution
		Debug|Any CPU = Debug|Any CPU
		Debug|Mixed Platforms = Debug|Mixed Platforms
		Debug|Win32 = Debug|Win32
		Debug|x86 = Debug|x86
		Release|Any CPU = Release|Any CPU
		Release|Mixed Platforms = Release|Mixed Platforms
		Release|Win32 = Release|Win32
		Release|x86 = Release|x86
	EndGlobalSection
	GlobalSection(ProjectConfigurationPlatforms) = postSolution
		{2366D603-31BC-473C-B30F-57DD9D24B436}.Debug|Any CPU.ActiveCfg = Debug|x86
		{2366D603-31BC-473C-B30F-57DD9D24B436}.Debug|Mixed Platforms.ActiveCfg = Debug|x86
		{2366D603-31BC-473C-B30F-57DD9D24B436}.Debug|Mixed Platforms.Build.0 = Debug|x86
		{2366D603-31BC-473C-B30F-57DD9D24B436}.Debug|Win32.ActiveCfg = Debug|x86
		{2366D603-31BC-473C-B30F-57DD9D24B436}.Debug|Win32.Build.0 = Debug|x86
		{2366D603-31BC-473C-B30F-57DD9D24B436}.Debug|x86.ActiveCfg = Debug|x86
		{2366D603-31BC-473C-B30F-57DD9D24B436}.Debug|x86.Build.0 = Debug|x86
		{2366D603-31BC-473C-B30F-57DD9D24B436}.Release|Any CPU.ActiveCfg = Release|x86
		{2366D603-31BC-473C-B30F-57DD9D24B436}.Release|Mixed Platforms.ActiveCfg = Release|x86
		{2366D603-31BC-473C-B30F-57DD9D24B436}.Release|Mixed Platforms.Build.0 = Release|x86
		{2366D603-31BC-473C-B30F-57DD9D24B436}.Release|Win32.ActiveCfg = Release|x86
		{2366D603-31BC-473C-B30F-57DD9D24B436}.Release|Win32.Build.0 = Release|x86
		{2366D603-31BC-473C-B30F-57DD9D24B436}.Release|x86.ActiveCfg = Release|x86
		{2366D603-31BC-473C-B30F-57DD9D24B436}.Release|x86.Build.0 = Release|x86
		{E46889A0-B3A8-4CD2-8CE8-814D978664F1}.Debug|Any CPU.ActiveCfg = Debug|Any CPU
		{E46889A0-B3A8-4CD2-8CE8-814D978664F1}.Debug|Any CPU.Build.0 = Debug|Any CPU
		{E46889A0-B3A8-4CD2-8CE8-814D978664F1}.Debug|Mixed Platforms.ActiveCfg = Debug|Any CPU
		{E46889A0-B3A8-4CD2-8CE8-814D978664F1}.Debug|Mixed Platforms.Build.0 = Debug|Any CPU
		{E46889A0-B3A8-4CD2-8CE8-814D978664F1}.Debug|Win32.ActiveCfg = Debug|Any CPU
		{E46889A0-B3A8-4CD2-8CE8-814D978664F1}.Debug|x86.ActiveCfg = Debug|Any CPU
		{E46889A0-B3A8-4CD2-8CE8-814D978664F1}.Release|Any CPU.ActiveCfg = Release|Any CPU
		{E46889A0-B3A8-4CD2-8CE8-814D978664F1}.Release|Any CPU.Build.0 = Release|Any CPU
		{E46889A0-B3A8-4CD2-8CE8-814D978664F1}.Release|Mixed Platforms.ActiveCfg = Release|Any CPU
		{E46889A0-B3A8-4CD2-8CE8-814D978664F1}.Release|Mixed Platforms.Build.0 = Release|Any CPU
		{E46889A0-B3A8-4CD2-8CE8-814D978664F1}.Release|Win32.ActiveCfg = Release|Any CPU
		{E46889A0-B3A8-4CD2-8CE8-814D978664F1}.Release|x86.ActiveCfg = Release|Any CPU
		{4F9028E3-38C7-45D4-BE94-19148227A458}.Debug|Any CPU.ActiveCfg = Debug|Win32
		{4F9028E3-38C7-45D4-BE94-19148227A458}.Debug|Mixed Platforms.ActiveCfg = Debug|Win32
		{4F9028E3-38C7-45D4-BE94-19148227A458}.Debug|Mixed Platforms.Build.0 = Debug|Win32
		{4F9028E3-38C7-45D4-BE94-19148227A458}.Debug|Win32.ActiveCfg = Debug|Win32
		{4F9028E3-38C7-45D4-BE94-19148227A458}.Debug|Win32.Build.0 = Debug|Win32
		{4F9028E3-38C7-45D4-BE94-19148227A458}.Debug|x86.ActiveCfg = Debug|Win32
		{4F9028E3-38C7-45D4-BE94-19148227A458}.Debug|x86.Build.0 = Debug|Win32
		{4F9028E3-38C7-45D4-BE94-19148227A458}.Release|Any CPU.ActiveCfg = Release|Win32
		{4F9028E3-38C7-45D4-BE94-19148227A458}.Release|Mixed Platforms.ActiveCfg = Release|Win32
		{4F9028E3-38C7-45D4-BE94-19148227A458}.Release|Mixed Platforms.Build.0 = Release|Win32
		{4F9028E3-38C7-45D4-BE94-19148227A458}.Release|Win32.ActiveCfg = Release|Win32
		{4F9028E3-38C7-45D4-BE94-19148227A458}.Release|Win32.Build.0 = Release|Win32
		{4F9028E3-38C7-45D4-BE94-19148227A458}.Release|x86.ActiveCfg = Release|Win32
		{4F9028E3-38C7-45D4-BE94-19148227A458}.Release|x86.Build.0 = Release|Win32
	EndGlobalSection
	GlobalSection(SolutionProperties) = preSolution
		HideSolutionNode = FALSE
	EndGlobalSection
EndGlobal
